
Microsoft Visual Studio Solution File, Format Version 11.00
# Visual C++ Express 2010
Project("{8BC9CEB8-8B4A-11D0-8D11-00A0C91BC942}") = "extDB", "extDB.vcxproj", "{60F7F852-3016-4F1E-A8EF-B4B78B271B64}"
EndProject
Project("{8BC9CEB8-8B4A-11D0-8D11-00A0C91BC942}") = "db_raw", "..\db_raw\db_raw.vcxproj", "{DF9FCE05-06DF-4068-AA65-63B91B229C5E}"
EndProject
Global
	GlobalSection(SolutionConfigurationPlatforms) = preSolution
		Debug|Win32 = Debug|Win32
		Release|Win32 = Release|Win32
	EndGlobalSection
	GlobalSection(ProjectConfigurationPlatforms) = postSolution
		{60F7F852-3016-4F1E-A8EF-B4B78B271B64}.Debug|Win32.ActiveCfg = Release|Win32
		{60F7F852-3016-4F1E-A8EF-B4B78B271B64}.Debug|Win32.Build.0 = Release|Win32
		{60F7F852-3016-4F1E-A8EF-B4B78B271B64}.Release|Win32.ActiveCfg = Release|Win32
		{60F7F852-3016-4F1E-A8EF-B4B78B271B64}.Release|Win32.Build.0 = Release|Win32
		{DF9FCE05-06DF-4068-AA65-63B91B229C5E}.Debug|Win32.ActiveCfg = Debug|Win32
		{DF9FCE05-06DF-4068-AA65-63B91B229C5E}.Debug|Win32.Build.0 = Debug|Win32
		{DF9FCE05-06DF-4068-AA65-63B91B229C5E}.Release|Win32.ActiveCfg = Release|Win32
		{DF9FCE05-06DF-4068-AA65-63B91B229C5E}.Release|Win32.Build.0 = Release|Win32
	EndGlobalSection
	GlobalSection(SolutionProperties) = preSolution
		HideSolutionNode = FALSE
	EndGlobalSection
EndGlobal
